# This file is automatically @generated by Cargo.
# It is not intended for manual editing.
version = 3

[[package]]
name = "axonos-hal"
version = "0.3.0"
source = "git+https://github.com/AxonOS-org/axonos-hal?tag=v0.3.0#1e9eff0c90efddb314cee89d8f7eb7f66cb8d4de"

[[package]]
name = "axonos-pipeline-core"
version = "0.9.2"
source = "git+https://github.com/AxonOS-org/axonos-signal-pipeline?tag=v0.9.2#c1e163dd94d48f32fdafb9e3a95d82f15c6da68d"

[[package]]
name = "axonos-stack"
version = "0.3.3"
dependencies = [
 "axonos-hal",
 "axonos-pipeline-core",
 "axonos-supervisor",
 "axonos-vault",
]

[[package]]
name = "axonos-supervisor"
version = "0.1.3"
source = "git+https://github.com/AxonOS-org/axonos-supervisor?tag=v0.1.3#c36e8947b104b28555d6f2955d2ffbe4b02c9d69"
dependencies = [
 "axonos-hal",
]

[[package]]
name = "axonos-vault"
version = "0.2.2"
source = "git+https://github.com/AxonOS-org/axonos-vault?tag=v0.2.2#749bcd21105e00aa4c58b90c4d773b415a4ed763"
dependencies = [
 "axonos-hal",
]
