# This file is automatically @generated by Cargo.
# It is not intended for manual editing.
version = 3

[[package]]
name = "axonos-hal"
version = "0.2.0"
source = "git+https://github.com/AxonOS-org/axonos-hal?tag=v0.2.0#bf0a2d58abf576d61cfb2a02809bfbb320b1c4be"

[[package]]
name = "axonos-pipeline-core"
version = "0.9.1"
source = "git+https://github.com/AxonOS-org/axonos-signal-pipeline?tag=v0.9.1#68648ddfdb027f8b6a47a3ffd8cfbc6afb052785"

[[package]]
name = "axonos-stack"
version = "0.3.0"
dependencies = [
 "axonos-hal",
 "axonos-pipeline-core",
 "axonos-supervisor",
 "axonos-vault",
]

[[package]]
name = "axonos-supervisor"
version = "0.1.1"
source = "git+https://github.com/AxonOS-org/axonos-supervisor?tag=v0.1.1#58c8b05fcbf0b522484f8bc3370804b40b48bf15"
dependencies = [
 "axonos-hal",
]

[[package]]
name = "axonos-vault"
version = "0.2.0"
source = "git+https://github.com/AxonOS-org/axonos-vault?tag=v0.2.0#ba3929d2d37ef3133a8a097176df438966c365cf"
dependencies = [
 "axonos-hal",
]
