# This file is automatically @generated by Cargo.
# It is not intended for manual editing.
version = 3

[[package]]
name = "axonos-hal"
version = "0.1.1"
source = "git+https://github.com/AxonOS-org/axonos-hal?tag=v0.1.1#2fed202132b90a8bd8e449dc220b8911416c2bb2"

[[package]]
name = "axonos-stack"
version = "0.1.0"
dependencies = [
 "axonos-hal",
 "axonos-supervisor",
 "axonos-vault",
]

[[package]]
name = "axonos-supervisor"
version = "0.1.0"
source = "git+https://github.com/AxonOS-org/axonos-supervisor?tag=v0.1.0#d8e49fa01e0bca79aa47558a8db3cd516a1662df"
dependencies = [
 "axonos-hal",
]

[[package]]
name = "axonos-vault"
version = "0.1.1"
source = "git+https://github.com/AxonOS-org/axonos-vault?tag=v0.1.1#71ce21c155b1abd22cc173a9f542520968737241"
dependencies = [
 "axonos-hal",
]
